
Microsoft Visual Studio Solution File, Format Version 12.00
# Visual Studio Version 17
VisualStudioVersion = 17.14.36623.8 d17.14
MinimumVisualStudioVersion = 10.0.40219.1
Project("{FAE04EC0-301F-11D3-BF4B-00C04F79EFBC}") = "TemplateRevitMVVM2025", "TemplateRevitMVVM2025\TemplateRevitMVVM2025.csproj", "{863C81CF-2288-441C-B139-C709E97DCD16}"
EndProject
Global
	GlobalSection(SolutionConfigurationPlatforms) = preSolution
		Debug|Any CPU = Debug|Any CPU
		Release|Any CPU = Release|Any CPU
	EndGlobalSection
	GlobalSection(ProjectConfigurationPlatforms) = postSolution
		{863C81CF-2288-441C-B139-C709E97DCD16}.Debug|Any CPU.ActiveCfg = Debug|Any CPU
		{863C81CF-2288-441C-B139-C709E97DCD16}.Debug|Any CPU.Build.0 = Debug|Any CPU
		{863C81CF-2288-441C-B139-C709E97DCD16}.Release|Any CPU.ActiveCfg = Release|Any CPU
		{863C81CF-2288-441C-B139-C709E97DCD16}.Release|Any CPU.Build.0 = Release|Any CPU
	EndGlobalSection
	GlobalSection(SolutionProperties) = preSolution
		HideSolutionNode = FALSE
	EndGlobalSection
	GlobalSection(ExtensibilityGlobals) = postSolution
		SolutionGuid = {85661F32-9839-49F6-ABAD-880858419604}
	EndGlobalSection
EndGlobal
